# This file is autogenerated, do not edit; changes may be undone by the next 'dep ensure'.


[[projects]]
  digest = "1:178a2b54e1bf1369822ee69876aab810f2a30ba3acbed4d0a502e7aa5bb781ae"
  name = "github.com/julienschmidt/httprouter"
  packages = ["."]
  pruneopts = "UT"
  revision = "9034cff70da2ab5888417e40d23cd213a1587f16"

[[projects]]
  digest = "1:9989cf75f82f97e62a2c5d2a3aecd586f272aaecd59646cff3eadbf79150c64f"
  name = "github.com/rs/cors"
  packages = ["."]
  pruneopts = "UT"
  revision = "eb527c8097e0f19a3ff7b253a3fe70545070f420"

[solve-meta]
  analyzer-name = "dep"
  analyzer-version = 1
  input-imports = [
    "github.com/julienschmidt/httprouter",
    "github.com/rs/cors",
  ]
  solver-name = "gps-cdcl"
  solver-version = 1
